
Microsoft Visual Studio Solution File, Format Version 12.00
# Visual Studio Version 17
VisualStudioVersion = 17.6.33513.286
MinimumVisualStudioVersion = 10.0.40219.1
Project("{FAE04EC0-301F-11D3-BF4B-00C04F79EFBC}") = "BlazorSignalRScheduler.Server", "BlazorSignalRScheduler\Server\BlazorSignalRScheduler.Server.csproj", "{DAD6A4D5-228F-4047-829C-29534807EB2F}"
EndProject
Project("{FAE04EC0-301F-11D3-BF4B-00C04F79EFBC}") = "BlazorSignalRScheduler.Client", "BlazorSignalRScheduler\Client\BlazorSignalRScheduler.Client.csproj", "{4F4D68DB-9722-42CA-9FCD-512059EA7F30}"
EndProject
Project("{FAE04EC0-301F-11D3-BF4B-00C04F79EFBC}") = "BlazorSignalRScheduler.Shared", "BlazorSignalRScheduler\Shared\BlazorSignalRScheduler.Shared.csproj", "{9C393CA0-BCEF-4CA8-9C9F-747B0C5C6F75}"
EndProject
Global
	GlobalSection(SolutionConfigurationPlatforms) = preSolution
		Debug|Any CPU = Debug|Any CPU
		Release|Any CPU = Release|Any CPU
	EndGlobalSection
	GlobalSection(ProjectConfigurationPlatforms) = postSolution
		{DAD6A4D5-228F-4047-829C-29534807EB2F}.Debug|Any CPU.ActiveCfg = Debug|Any CPU
		{DAD6A4D5-228F-4047-829C-29534807EB2F}.Debug|Any CPU.Build.0 = Debug|Any CPU
		{DAD6A4D5-228F-4047-829C-29534807EB2F}.Release|Any CPU.ActiveCfg = Release|Any CPU
		{DAD6A4D5-228F-4047-829C-29534807EB2F}.Release|Any CPU.Build.0 = Release|Any CPU
		{4F4D68DB-9722-42CA-9FCD-512059EA7F30}.Debug|Any CPU.ActiveCfg = Debug|Any CPU
		{4F4D68DB-9722-42CA-9FCD-512059EA7F30}.Debug|Any CPU.Build.0 = Debug|Any CPU
		{4F4D68DB-9722-42CA-9FCD-512059EA7F30}.Release|Any CPU.ActiveCfg = Release|Any CPU
		{4F4D68DB-9722-42CA-9FCD-512059EA7F30}.Release|Any CPU.Build.0 = Release|Any CPU
		{9C393CA0-BCEF-4CA8-9C9F-747B0C5C6F75}.Debug|Any CPU.ActiveCfg = Debug|Any CPU
		{9C393CA0-BCEF-4CA8-9C9F-747B0C5C6F75}.Debug|Any CPU.Build.0 = Debug|Any CPU
		{9C393CA0-BCEF-4CA8-9C9F-747B0C5C6F75}.Release|Any CPU.ActiveCfg = Release|Any CPU
		{9C393CA0-BCEF-4CA8-9C9F-747B0C5C6F75}.Release|Any CPU.Build.0 = Release|Any CPU
	EndGlobalSection
	GlobalSection(SolutionProperties) = preSolution
		HideSolutionNode = FALSE
	EndGlobalSection
	GlobalSection(ExtensibilityGlobals) = postSolution
		SolutionGuid = {04294781-F05F-43DA-837A-FEBE8DDA3DD0}
	EndGlobalSection
EndGlobal
